Microsoft Visual Studio Solution File, Format Version 12.00
# Visual Studio 2012
Project("{FAE04EC0-301F-11D3-BF4B-00C04F79EFBC}") = "DevWormSurivalGame", "DevWormSurivalGame.csproj", "{6C7D9C1D-2996-4E5E-9189-97D10C8CEE79}"
EndProject
Global
	GlobalSection(SolutionConfigurationPlatforms) = preSolution
	Debug|Any CPU = Debug|Any CPU
	ExportDebug|Any CPU = ExportDebug|Any CPU
	ExportRelease|Any CPU = ExportRelease|Any CPU
	EndGlobalSection
	GlobalSection(ProjectConfigurationPlatforms) = postSolution
		{6C7D9C1D-2996-4E5E-9189-97D10C8CEE79}.Debug|Any CPU.ActiveCfg = Debug|Any CPU
		{6C7D9C1D-2996-4E5E-9189-97D10C8CEE79}.Debug|Any CPU.Build.0 = Debug|Any CPU
		{6C7D9C1D-2996-4E5E-9189-97D10C8CEE79}.ExportDebug|Any CPU.ActiveCfg = ExportDebug|Any CPU
		{6C7D9C1D-2996-4E5E-9189-97D10C8CEE79}.ExportDebug|Any CPU.Build.0 = ExportDebug|Any CPU
		{6C7D9C1D-2996-4E5E-9189-97D10C8CEE79}.ExportRelease|Any CPU.ActiveCfg = ExportRelease|Any CPU
		{6C7D9C1D-2996-4E5E-9189-97D10C8CEE79}.ExportRelease|Any CPU.Build.0 = ExportRelease|Any CPU
	EndGlobalSection
EndGlobal
